
Microsoft Visual Studio Solution File, Format Version 12.00
# Visual Studio Version 17
VisualStudioVersion = 17.13.35507.96 d17.13
MinimumVisualStudioVersion = 10.0.40219.1
Project("{FAE04EC0-301F-11D3-BF4B-00C04F79EFBC}") = "VirtualDarsAlgo2", "VirtualDarsAlgo2\VirtualDarsAlgo2.csproj", "{0E3EF273-B8E6-404F-A31B-9ECDF2787480}"
EndProject
Global
	GlobalSection(SolutionConfigurationPlatforms) = preSolution
		Debug|Any CPU = Debug|Any CPU
		Release|Any CPU = Release|Any CPU
	EndGlobalSection
	GlobalSection(ProjectConfigurationPlatforms) = postSolution
		{0E3EF273-B8E6-404F-A31B-9ECDF2787480}.Debug|Any CPU.ActiveCfg = Debug|Any CPU
		{0E3EF273-B8E6-404F-A31B-9ECDF2787480}.Debug|Any CPU.Build.0 = Debug|Any CPU
		{0E3EF273-B8E6-404F-A31B-9ECDF2787480}.Release|Any CPU.ActiveCfg = Release|Any CPU
		{0E3EF273-B8E6-404F-A31B-9ECDF2787480}.Release|Any CPU.Build.0 = Release|Any CPU
	EndGlobalSection
	GlobalSection(SolutionProperties) = preSolution
		HideSolutionNode = FALSE
	EndGlobalSection
	GlobalSection(ExtensibilityGlobals) = postSolution
		SolutionGuid = {C7A73F35-1CF2-43B6-AB96-D77512E728D1}
	EndGlobalSection
EndGlobal
